// !$*UTF8*$!
{
	archiveVersion = 1;
	classes = {
	};
	objectVersion = 46;
	objects = {

/* Begin PBXBuildFile section */
		ADAFBE521B57827900783BD3 /* AppDelegate.swift in Sources */ = {isa = PBXBuildFile; fileRef = ADAFBE511B57827900783BD3 /* AppDelegate.swift */; };
		ADAFBE541B57827900783BD3 /* ViewController.swift in Sources */ = {isa = PBXBuildFile; fileRef = ADAFBE531B57827900783BD3 /* ViewController.swift */; };
		ADAFBE561B57827900783BD3 /* Assets.xcassets in Resources */ = {isa = PBXBuildFile; fileRef = ADAFBE551B57827900783BD3 /* Assets.xcassets */; };
		ADAFBE591B57827900783BD3 /* Main.storyboard in Resources */ = {isa = PBXBuildFile; fileRef = ADAFBE571B57827900783BD3 /* Main.storyboard */; };
/* End PBXBuildFile section */

/* Begin PBXFileReference section */
		ADAFBE4E1B57827900783BD3 /* Kentinshot.app */ = {isa = PBXFileReference; explicitFileType = wrapper.application; includeInIndex = 0; path = Kentinshot.app; sourceTree = BUILT_PRODUCTS_DIR; };
		ADAFBE511B57827900783BD3 /* AppDelegate.swift */ = {isa = PBXFileReference; lastKnownFileType = sourcecode.swift; path = AppDelegate.swift; sourceTree = "<group>"; };
		ADAFBE531B57827900783BD3 /* ViewController.swift */ = {isa = PBXFileReference; lastKnownFileType = sourcecode.swift; path = ViewController.swift; sourceTree = "<group>"; };
		ADAFBE551B57827900783BD3 /* Assets.xcassets */ = {isa = PBXFileReference; lastKnownFileType = folder.assetcatalog; path = Assets.xcassets; sourceTree = "<group>"; };
		ADAFBE581B57827900783BD3 /* Base */ = {isa = PBXFileReference; lastKnownFileType = file.storyboard; name = Base; path = Base.lproj/Main.storyboard; sourceTree = "<group>"; };
		ADAFBE5A1B57827900783BD3 /* Info.plist */ = {isa = PBXFileReference; lastKnownFileType = text.plist.xml; path = Info.plist; sourceTree = "<group>"; };
/* End PBXFileReference section */

/* Begin PBXFrameworksBuildPhase section */
		ADAFBE4B1B57827900783BD3 /* Frameworks */ = {
			isa = PBXFrameworksBuildPhase;
			buildActionMask = 2147483647;
			files = (
			);
			runOnlyForDeploymentPostprocessing = 0;
		};
/* End PBXFrameworksBuildPhase section */

/* Begin PBXGroup section */
		ADAFBE451B57827900783BD3 = {
			isa = PBXGroup;
			children = (
				ADAFBE501B57827900783BD3 /* Kentinshot */,
				ADAFBE4F1B57827900783BD3 /* Products */,
			);
			sourceTree = "<group>";
		};
		ADAFBE4F1B57827900783BD3 /* Products */ = {
			isa = PBXGroup;
			children = (
				ADAFBE4E1B57827900783BD3 /* Kentinshot.app */,
			);
			name = Products;
			sourceTree = "<group>";
		};
		ADAFBE501B57827900783BD3 /* Kentinshot */ = {
			isa = PBXGroup;
			children = (
				ADAFBE511B57827900783BD3 /* AppDelegate.swift */,
				ADAFBE531B57827900783BD3 /* ViewController.swift */,
				ADAFBE551B57827900783BD3 /* Assets.xcassets */,
				ADAFBE571B57827900783BD3 /* Main.storyboard */,
				ADAFBE5A1B57827900783BD3 /* Info.plist */,
			);
			path = Kentinshot;
			sourceTree = "<group>";
		};
/* End PBXGroup section */

/* Begin PBXNativeTarget section */
		ADAFBE4D1B57827900783BD3 /* Kentinshot */ = {
			isa = PBXNativeTarget;
			buildConfigurationList = ADAFBE5D1B57827900783BD3 /* Build configuration list for PBXNativeTarget "Kentinshot" */;
			buildPhases = (
				ADAFBE4A1B57827900783BD3 /* Sources */,
				ADAFBE4B1B57827900783BD3 /* Frameworks */,
				ADAFBE4C1B57827900783BD3 /* Resources */,
			);
			buildRules = (
			);
			dependencies = (
			);
			name = Kentinshot;
			productName = Kentinshot;
			productReference = ADAFBE4E1B57827900783BD3 /* Kentinshot.app */;
			productType = "com.apple.product-type.application";
		};
/* End PBXNativeTarget section */

/* Begin PBXProject section */
		ADAFBE461B57827900783BD3 /* Project object */ = {
			isa = PBXProject;
			attributes = {
				LastUpgradeCheck = 0700;
				ORGANIZATIONNAME = "Quentin Dommerc";
				TargetAttributes = {
					ADAFBE4D1B57827900783BD3 = {
						CreatedOnToolsVersion = 7.0;
					};
				};
			};
			buildConfigurationList = ADAFBE491B57827900783BD3 /* Build configuration list for PBXProject "Kentinshot" */;
			compatibilityVersion = "Xcode 3.2";
			developmentRegion = English;
			hasScannedForEncodings = 0;
			knownRegions = (
				en,
				Base,
			);
			mainGroup = ADAFBE451B57827900783BD3;
			productRefGroup = ADAFBE4F1B57827900783BD3 /* Products */;
			projectDirPath = "";
			projectRoot = "";
			targets = (
				ADAFBE4D1B57827900783BD3 /* Kentinshot */,
			);
		};
/* End PBXProject section */

/* Begin PBXResourcesBuildPhase section */
		ADAFBE4C1B57827900783BD3 /* Resources */ = {
			isa = PBXResourcesBuildPhase;
			buildActionMask = 2147483647;
			files = (
				ADAFBE561B57827900783BD3 /* Assets.xcassets in Resources */,
				ADAFBE591B57827900783BD3 /* Main.storyboard in Resources */,
			);
			runOnlyForDeploymentPostprocessing = 0;
		};
/* End PBXResourcesBuildPhase section */

/* Begin PBXSourcesBuildPhase section */
		ADAFBE4A1B57827900783BD3 /* Sources */ = {
			isa = PBXSourcesBuildPhase;
			buildActionMask = 2147483647;
			files = (
				ADAFBE541B57827900783BD3 /* ViewController.swift in Sources */,
				ADAFBE521B57827900783BD3 /* AppDelegate.swift in Sources */,
			);
			runOnlyForDeploymentPostprocessing = 0;
		};
/* End PBXSourcesBuildPhase section */

/* Begin PBXVariantGroup section */
		ADAFBE571B57827900783BD3 /* Main.storyboard */ = {
			isa = PBXVariantGroup;
			children = (
				ADAFBE581B57827900783BD3 /* Base */,
			);
			name = Main.storyboard;
			sourceTree = "<group>";
		};
/* End PBXVariantGroup section */

/* Begin XCBuildConfiguration section */
		ADAFBE5B1B57827900783BD3 /* Debug */ = {
			isa = XCBuildConfiguration;
			buildSettings = {
				ALWAYS_SEARCH_USER_PATHS = NO;
				CLANG_CXX_LANGUAGE_STANDARD = "gnu++0x";
				CLANG_CXX_LIBRARY = "libc++";
				CLANG_ENABLE_MODULES = YES;
				CLANG_ENABLE_OBJC_ARC = YES;
				CLANG_WARN_BOOL_CONVERSION = YES;
				CLANG_WARN_CONSTANT_CONVERSION = YES;
				CLANG_WARN_DIRECT_OBJC_ISA_USAGE = YES_ERROR;
				CLANG_WARN_EMPTY_BODY = YES;
				CLANG_WARN_ENUM_CONVERSION = YES;
				CLANG_WARN_INT_CONVERSION = YES;
				CLANG_WARN_OBJC_ROOT_CLASS = YES_ERROR;
				CLANG_WARN_UNREACHABLE_CODE = YES;
				CLANG_WARN__DUPLICATE_METHOD_MATCH = YES;
				CODE_SIGN_IDENTITY = "-";
				COPY_PHASE_STRIP = NO;
				DEBUG_INFORMATION_FORMAT = dwarf;
				ENABLE_STRICT_OBJC_MSGSEND = YES;
				ENABLE_TESTABILITY = YES;
				GCC_C_LANGUAGE_STANDARD = gnu99;
				GCC_DYNAMIC_NO_PIC = NO;
				GCC_NO_COMMON_BLOCKS = YES;
				GCC_OPTIMIZATION_LEVEL = 0;
				GCC_PREPROCESSOR_DEFINITIONS = (
					"DEBUG=1",
					"$(inherited)",
				);
				GCC_WARN_64_TO_32_BIT_CONVERSION = YES;
				GCC_WARN_ABOUT_RETURN_TYPE = YES_ERROR;
				GCC_WARN_UNDECLARED_SELECTOR = YES;
				GCC_WARN_UNINITIALIZED_AUTOS = YES_AGGRESSIVE;
				GCC_WARN_UNUSED_FUNCTION = YES;
				GCC_WARN_UNUSED_VARIABLE = YES;
				MACOSX_DEPLOYMENT_TARGET = 10.11;
				MTL_ENABLE_DEBUG_INFO = YES;
				ONLY_ACTIVE_ARCH = YES;
				SDKROOT = macosx;
				SWIFT_OPTIMIZATION_LEVEL = "-Onone";
			};
			name = Debug;
		};
		ADAFBE5C1B57827900783BD3 /* Release */ = {
			isa = XCBuildConfiguration;
			buildSettings = {
				ALWAYS_SEARCH_USER_PATHS = NO;
				CLANG_CXX_LANGUAGE_STANDARD = "gnu++0x";
				CLANG_CXX_LIBRARY = "libc++";
				CLANG_ENABLE_MODULES = YES;
				CLANG_ENABLE_OBJC_ARC = YES;
				CLANG_WARN_BOOL_CONVERSION = YES;
				CLANG_WARN_CONSTANT_CONVERSION = YES;
				CLANG_WARN_DIRECT_OBJC_ISA_USAGE = YES_ERROR;
				CLANG_WARN_EMPTY_BODY = YES;
				CLANG_WARN_ENUM_CONVERSION = YES;
				CLANG_WARN_INT_CONVERSION = YES;
				CLANG_WARN_OBJC_ROOT_CLASS = YES_ERROR;
				CLANG_WARN_UNREACHABLE_CODE = YES;
				CLANG_WARN__DUPLICATE_METHOD_MATCH = YES;
				CODE_SIGN_IDENTITY = "-";
				COPY_PHASE_STRIP = NO;
				DEBUG_INFORMATION_FORMAT = "dwarf-with-dsym";
				ENABLE_NS_ASSERTIONS = NO;
				ENABLE_STRICT_OBJC_MSGSEND = YES;
				GCC_C_LANGUAGE_STANDARD = gnu99;
				GCC_NO_COMMON_BLOCKS = YES;
				GCC_WARN_64_TO_32_BIT_CONVERSION = YES;
				GCC_WARN_ABOUT_RETURN_TYPE = YES_ERROR;
				GCC_WARN_UNDECLARED_SELECTOR = YES;
				GCC_WARN_UNINITIALIZED_AUTOS = YES_AGGRESSIVE;
				GCC_WARN_UNUSED_FUNCTION = YES;
				GCC_WARN_UNUSED_VARIABLE = YES;
				MACOSX_DEPLOYMENT_TARGET = 10.11;
				MTL_ENABLE_DEBUG_INFO = NO;
				SDKROOT = macosx;
			};
			name = Release;
		};
		ADAFBE5E1B57827900783BD3 /* Debug */ = {
			isa = XCBuildConfiguration;
			buildSettings = {
				ASSETCATALOG_COMPILER_APPICON_NAME = AppIcon;
				COMBINE_HIDPI_IMAGES = YES;
				INFOPLIST_FILE = Kentinshot/Info.plist;
				LD_RUNPATH_SEARCH_PATHS = "$(inherited) @executable_path/../Frameworks";
				PRODUCT_BUNDLE_IDENTIFIER = me.kentin.Kentinshot;
				PRODUCT_NAME = "$(TARGET_NAME)";
			};
			name = Debug;
		};
		ADAFBE5F1B57827900783BD3 /* Release */ = {
			isa = XCBuildConfiguration;
			buildSettings = {
				ASSETCATALOG_COMPILER_APPICON_NAME = AppIcon;
				COMBINE_HIDPI_IMAGES = YES;
				INFOPLIST_FILE = Kentinshot/Info.plist;
				LD_RUNPATH_SEARCH_PATHS = "$(inherited) @executable_path/../Frameworks";
				PRODUCT_BUNDLE_IDENTIFIER = me.kentin.Kentinshot;
				PRODUCT_NAME = "$(TARGET_NAME)";
			};
			name = Release;
		};
/* End XCBuildConfiguration section */

/* Begin XCConfigurationList section */
		ADAFBE491B57827900783BD3 /* Build configuration list for PBXProject "Kentinshot" */ = {
			isa = XCConfigurationList;
			buildConfigurations = (
				ADAFBE5B1B57827900783BD3 /* Debug */,
				ADAFBE5C1B57827900783BD3 /* Release */,
			);
			defaultConfigurationIsVisible = 0;
			defaultConfigurationName = Release;
		};
		ADAFBE5D1B57827900783BD3 /* Build configuration list for PBXNativeTarget "Kentinshot" */ = {
			isa = XCConfigurationList;
			buildConfigurations = (
				ADAFBE5E1B57827900783BD3 /* Debug */,
				ADAFBE5F1B57827900783BD3 /* Release */,
			);
			defaultConfigurationIsVisible = 0;
		};
/* End XCConfigurationList section */
	};
	rootObject = ADAFBE461B57827900783BD3 /* Project object */;
}
