// !$*UTF8*$!
{
	archiveVersion = 1;
	classes = {
	};
	objectVersion = 46;
	objects = {

/* Begin PBXBuildFile section */
		AD16E4411B5A139500E0FB17 /* StatusBarItemManager.swift in Sources */ = {isa = PBXBuildFile; fileRef = AD16E4401B5A139500E0FB17 /* StatusBarItemManager.swift */; };
		AD4657631B59834400117F4C /* ClipboardManager.swift in Sources */ = {isa = PBXBuildFile; fileRef = AD4657621B59834400117F4C /* ClipboardManager.swift */; };
		AD77BAD61B596FA90013F60D /* Monitor.swift in Sources */ = {isa = PBXBuildFile; fileRef = AD77BAD51B596FA90013F60D /* Monitor.swift */; };
		AD77BAD81B5970DE0013F60D /* Uploader.swift in Sources */ = {isa = PBXBuildFile; fileRef = AD77BAD71B5970DE0013F60D /* Uploader.swift */; };
		ADA0E6F11B5A083A00D0B736 /* success.wav in Resources */ = {isa = PBXBuildFile; fileRef = ADA0E6F01B5A083A00D0B736 /* success.wav */; };
		ADAFBE521B57827900783BD3 /* AppDelegate.swift in Sources */ = {isa = PBXBuildFile; fileRef = ADAFBE511B57827900783BD3 /* AppDelegate.swift */; };
		ADAFBE561B57827900783BD3 /* Assets.xcassets in Resources */ = {isa = PBXBuildFile; fileRef = ADAFBE551B57827900783BD3 /* Assets.xcassets */; };
		ADAFBE591B57827900783BD3 /* Main.storyboard in Resources */ = {isa = PBXBuildFile; fileRef = ADAFBE571B57827900783BD3 /* Main.storyboard */; };
		E7E0A5DF5F192E7677F1863A /* Pods_Upshot.framework in Frameworks */ = {isa = PBXBuildFile; fileRef = 94349A43164D9209347218B5 /* Pods_Upshot.framework */; };
		F26A9BAC1B9AFDA400B12932 /* SettingsViewController.swift in Sources */ = {isa = PBXBuildFile; fileRef = F26A9BAB1B9AFDA400B12932 /* SettingsViewController.swift */; };
		F26A9BAE1B9B5D9200B12932 /* SettingsManager.swift in Sources */ = {isa = PBXBuildFile; fileRef = F26A9BAD1B9B5D9200B12932 /* SettingsManager.swift */; };
		F26A9BB01B9B624000B12932 /* PersistentStore.swift in Sources */ = {isa = PBXBuildFile; fileRef = F26A9BAF1B9B624000B12932 /* PersistentStore.swift */; };
		F270F7151B9AEC6F00564189 /* SettingsWindowController.swift in Sources */ = {isa = PBXBuildFile; fileRef = F270F7141B9AEC6F00564189 /* SettingsWindowController.swift */; };
		F270F7171B9AEF9800564189 /* Storyboards.swift in Sources */ = {isa = PBXBuildFile; fileRef = F270F7161B9AEF9800564189 /* Storyboards.swift */; };
		F285D8161B9CC236007724DF /* LaunchManager.swift in Sources */ = {isa = PBXBuildFile; fileRef = F285D8151B9CC236007724DF /* LaunchManager.swift */; };
/* End PBXBuildFile section */

/* Begin PBXFileReference section */
		80663F9D95E27EAD10F31C8C /* Pods-Upshot.release.xcconfig */ = {isa = PBXFileReference; includeInIndex = 1; lastKnownFileType = text.xcconfig; name = "Pods-Upshot.release.xcconfig"; path = "Pods/Target Support Files/Pods-Upshot/Pods-Upshot.release.xcconfig"; sourceTree = "<group>"; };
		94349A43164D9209347218B5 /* Pods_Upshot.framework */ = {isa = PBXFileReference; explicitFileType = wrapper.framework; includeInIndex = 0; path = Pods_Upshot.framework; sourceTree = BUILT_PRODUCTS_DIR; };
		9CF5F4C5CC495B59EB8FF0A5 /* Pods.framework */ = {isa = PBXFileReference; explicitFileType = wrapper.framework; includeInIndex = 0; path = Pods.framework; sourceTree = BUILT_PRODUCTS_DIR; };
		AD16E4401B5A139500E0FB17 /* StatusBarItemManager.swift */ = {isa = PBXFileReference; fileEncoding = 4; lastKnownFileType = sourcecode.swift; path = StatusBarItemManager.swift; sourceTree = "<group>"; };
		AD46575E1B59792E00117F4C /* Alamofire.framework */ = {isa = PBXFileReference; lastKnownFileType = wrapper.framework; name = Alamofire.framework; path = "Pods/../build/Debug-iphoneos/Pods/Alamofire.framework"; sourceTree = "<group>"; };
		AD4657601B59798800117F4C /* Alamofire.framework */ = {isa = PBXFileReference; lastKnownFileType = wrapper.framework; name = Alamofire.framework; path = "Pods/../build/Debug-iphoneos/Pods/Alamofire.framework"; sourceTree = "<group>"; };
		AD4657621B59834400117F4C /* ClipboardManager.swift */ = {isa = PBXFileReference; fileEncoding = 4; lastKnownFileType = sourcecode.swift; path = ClipboardManager.swift; sourceTree = "<group>"; };
		AD77BAD51B596FA90013F60D /* Monitor.swift */ = {isa = PBXFileReference; fileEncoding = 4; lastKnownFileType = sourcecode.swift; path = Monitor.swift; sourceTree = "<group>"; };
		AD77BAD71B5970DE0013F60D /* Uploader.swift */ = {isa = PBXFileReference; fileEncoding = 4; lastKnownFileType = sourcecode.swift; path = Uploader.swift; sourceTree = "<group>"; };
		ADA0E6F01B5A083A00D0B736 /* success.wav */ = {isa = PBXFileReference; lastKnownFileType = audio.wav; name = success.wav; path = Media.xcassets/success.wav; sourceTree = "<group>"; };
		ADAFBE4E1B57827900783BD3 /* Upshot.app */ = {isa = PBXFileReference; explicitFileType = wrapper.application; includeInIndex = 0; path = Upshot.app; sourceTree = BUILT_PRODUCTS_DIR; };
		ADAFBE511B57827900783BD3 /* AppDelegate.swift */ = {isa = PBXFileReference; lastKnownFileType = sourcecode.swift; path = AppDelegate.swift; sourceTree = "<group>"; };
		ADAFBE551B57827900783BD3 /* Assets.xcassets */ = {isa = PBXFileReference; lastKnownFileType = folder.assetcatalog; path = Assets.xcassets; sourceTree = "<group>"; };
		ADAFBE581B57827900783BD3 /* Base */ = {isa = PBXFileReference; lastKnownFileType = file.storyboard; name = Base; path = Base.lproj/Main.storyboard; sourceTree = "<group>"; };
		ADAFBE5A1B57827900783BD3 /* Info.plist */ = {isa = PBXFileReference; lastKnownFileType = text.plist.xml; path = Info.plist; sourceTree = "<group>"; };
		B7CB55CFEC8EC8AC830F3AA4 /* Pods-Upshot.debug.xcconfig */ = {isa = PBXFileReference; includeInIndex = 1; lastKnownFileType = text.xcconfig; name = "Pods-Upshot.debug.xcconfig"; path = "Pods/Target Support Files/Pods-Upshot/Pods-Upshot.debug.xcconfig"; sourceTree = "<group>"; };
		F26A9BAB1B9AFDA400B12932 /* SettingsViewController.swift */ = {isa = PBXFileReference; fileEncoding = 4; lastKnownFileType = sourcecode.swift; path = SettingsViewController.swift; sourceTree = "<group>"; };
		F26A9BAD1B9B5D9200B12932 /* SettingsManager.swift */ = {isa = PBXFileReference; fileEncoding = 4; lastKnownFileType = sourcecode.swift; path = SettingsManager.swift; sourceTree = "<group>"; };
		F26A9BAF1B9B624000B12932 /* PersistentStore.swift */ = {isa = PBXFileReference; fileEncoding = 4; lastKnownFileType = sourcecode.swift; path = PersistentStore.swift; sourceTree = "<group>"; };
		F270F7141B9AEC6F00564189 /* SettingsWindowController.swift */ = {isa = PBXFileReference; fileEncoding = 4; lastKnownFileType = sourcecode.swift; path = SettingsWindowController.swift; sourceTree = "<group>"; };
		F270F7161B9AEF9800564189 /* Storyboards.swift */ = {isa = PBXFileReference; fileEncoding = 4; lastKnownFileType = sourcecode.swift; path = Storyboards.swift; sourceTree = "<group>"; };
		F285D8151B9CC236007724DF /* LaunchManager.swift */ = {isa = PBXFileReference; fileEncoding = 4; lastKnownFileType = sourcecode.swift; path = LaunchManager.swift; sourceTree = "<group>"; };
/* End PBXFileReference section */

/* Begin PBXFrameworksBuildPhase section */
		ADAFBE4B1B57827900783BD3 /* Frameworks */ = {
			isa = PBXFrameworksBuildPhase;
			buildActionMask = 2147483647;
			files = (
				E7E0A5DF5F192E7677F1863A /* Pods_Upshot.framework in Frameworks */,
			);
			runOnlyForDeploymentPostprocessing = 0;
		};
/* End PBXFrameworksBuildPhase section */

/* Begin PBXGroup section */
		1576AD6F8BB159A7FDCF82E3 /* Pods */ = {
			isa = PBXGroup;
			children = (
				B7CB55CFEC8EC8AC830F3AA4 /* Pods-Upshot.debug.xcconfig */,
				80663F9D95E27EAD10F31C8C /* Pods-Upshot.release.xcconfig */,
			);
			name = Pods;
			sourceTree = "<group>";
		};
		56EB08688AC6F3BAC2C29CE5 /* Frameworks */ = {
			isa = PBXGroup;
			children = (
				AD4657601B59798800117F4C /* Alamofire.framework */,
				AD46575E1B59792E00117F4C /* Alamofire.framework */,
				9CF5F4C5CC495B59EB8FF0A5 /* Pods.framework */,
				94349A43164D9209347218B5 /* Pods_Upshot.framework */,
			);
			name = Frameworks;
			sourceTree = "<group>";
		};
		ADAFBE451B57827900783BD3 = {
			isa = PBXGroup;
			children = (
				ADA0E6F01B5A083A00D0B736 /* success.wav */,
				ADAFBE501B57827900783BD3 /* Upshot */,
				ADAFBE4F1B57827900783BD3 /* Products */,
				56EB08688AC6F3BAC2C29CE5 /* Frameworks */,
				1576AD6F8BB159A7FDCF82E3 /* Pods */,
			);
			sourceTree = "<group>";
		};
		ADAFBE4F1B57827900783BD3 /* Products */ = {
			isa = PBXGroup;
			children = (
				ADAFBE4E1B57827900783BD3 /* Upshot.app */,
			);
			name = Products;
			sourceTree = "<group>";
		};
		ADAFBE501B57827900783BD3 /* Upshot */ = {
			isa = PBXGroup;
			children = (
				ADAFBE511B57827900783BD3 /* AppDelegate.swift */,
				F270F7161B9AEF9800564189 /* Storyboards.swift */,
				F270F7141B9AEC6F00564189 /* SettingsWindowController.swift */,
				F26A9BAB1B9AFDA400B12932 /* SettingsViewController.swift */,
				F26A9BAD1B9B5D9200B12932 /* SettingsManager.swift */,
				F26A9BAF1B9B624000B12932 /* PersistentStore.swift */,
				ADAFBE571B57827900783BD3 /* Main.storyboard */,
				AD77BAD51B596FA90013F60D /* Monitor.swift */,
				AD77BAD71B5970DE0013F60D /* Uploader.swift */,
				AD4657621B59834400117F4C /* ClipboardManager.swift */,
				AD16E4401B5A139500E0FB17 /* StatusBarItemManager.swift */,
				F285D8151B9CC236007724DF /* LaunchManager.swift */,
				ADAFBE5A1B57827900783BD3 /* Info.plist */,
				ADAFBE551B57827900783BD3 /* Assets.xcassets */,
			);
			path = Upshot;
			sourceTree = "<group>";
		};
/* End PBXGroup section */

/* Begin PBXNativeTarget section */
		ADAFBE4D1B57827900783BD3 /* Upshot */ = {
			isa = PBXNativeTarget;
			buildConfigurationList = ADAFBE5D1B57827900783BD3 /* Build configuration list for PBXNativeTarget "Upshot" */;
			buildPhases = (
				27A6501EC41D7931295B61FA /* [CP] Check Pods Manifest.lock */,
				ADAFBE4A1B57827900783BD3 /* Sources */,
				ADAFBE4B1B57827900783BD3 /* Frameworks */,
				ADAFBE4C1B57827900783BD3 /* Resources */,
				EC0409D414430EEDBDA0E819 /* [CP] Embed Pods Frameworks */,
				6EB04A10C2AFB7ACD9B162E1 /* [CP] Copy Pods Resources */,
			);
			buildRules = (
			);
			dependencies = (
			);
			name = Upshot;
			productName = Upshot;
			productReference = ADAFBE4E1B57827900783BD3 /* Upshot.app */;
			productType = "com.apple.product-type.application";
		};
/* End PBXNativeTarget section */

/* Begin PBXProject section */
		ADAFBE461B57827900783BD3 /* Project object */ = {
			isa = PBXProject;
			attributes = {
				LastSwiftUpdateCheck = 0700;
				LastUpgradeCheck = 0700;
				ORGANIZATIONNAME = "Quentin Dommerc";
				TargetAttributes = {
					ADAFBE4D1B57827900783BD3 = {
						CreatedOnToolsVersion = 7.0;
						LastSwiftMigration = 0830;
					};
				};
			};
			buildConfigurationList = ADAFBE491B57827900783BD3 /* Build configuration list for PBXProject "Upshot" */;
			compatibilityVersion = "Xcode 3.2";
			developmentRegion = English;
			hasScannedForEncodings = 0;
			knownRegions = (
				en,
				Base,
			);
			mainGroup = ADAFBE451B57827900783BD3;
			productRefGroup = ADAFBE4F1B57827900783BD3 /* Products */;
			projectDirPath = "";
			projectRoot = "";
			targets = (
				ADAFBE4D1B57827900783BD3 /* Upshot */,
			);
		};
/* End PBXProject section */

/* Begin PBXResourcesBuildPhase section */
		ADAFBE4C1B57827900783BD3 /* Resources */ = {
			isa = PBXResourcesBuildPhase;
			buildActionMask = 2147483647;
			files = (
				ADA0E6F11B5A083A00D0B736 /* success.wav in Resources */,
				ADAFBE561B57827900783BD3 /* Assets.xcassets in Resources */,
				ADAFBE591B57827900783BD3 /* Main.storyboard in Resources */,
			);
			runOnlyForDeploymentPostprocessing = 0;
		};
/* End PBXResourcesBuildPhase section */

/* Begin PBXShellScriptBuildPhase section */
		27A6501EC41D7931295B61FA /* [CP] Check Pods Manifest.lock */ = {
			isa = PBXShellScriptBuildPhase;
			buildActionMask = 2147483647;
			files = (
			);
			inputPaths = (
			);
			name = "[CP] Check Pods Manifest.lock";
			outputPaths = (
			);
			runOnlyForDeploymentPostprocessing = 0;
			shellPath = /bin/sh;
			shellScript = "diff \"${PODS_PODFILE_DIR_PATH}/Podfile.lock\" \"${PODS_ROOT}/Manifest.lock\" > /dev/null\nif [ $? != 0 ] ; then\n    # print error to STDERR\n    echo \"error: The sandbox is not in sync with the Podfile.lock. Run 'pod install' or update your CocoaPods installation.\" >&2\n    exit 1\nfi\n";
			showEnvVarsInLog = 0;
		};
		6EB04A10C2AFB7ACD9B162E1 /* [CP] Copy Pods Resources */ = {
			isa = PBXShellScriptBuildPhase;
			buildActionMask = 2147483647;
			files = (
			);
			inputPaths = (
			);
			name = "[CP] Copy Pods Resources";
			outputPaths = (
			);
			runOnlyForDeploymentPostprocessing = 0;
			shellPath = /bin/sh;
			shellScript = "\"${SRCROOT}/Pods/Target Support Files/Pods-Upshot/Pods-Upshot-resources.sh\"\n";
			showEnvVarsInLog = 0;
		};
		EC0409D414430EEDBDA0E819 /* [CP] Embed Pods Frameworks */ = {
			isa = PBXShellScriptBuildPhase;
			buildActionMask = 2147483647;
			files = (
			);
			inputPaths = (
			);
			name = "[CP] Embed Pods Frameworks";
			outputPaths = (
			);
			runOnlyForDeploymentPostprocessing = 0;
			shellPath = /bin/sh;
			shellScript = "\"${SRCROOT}/Pods/Target Support Files/Pods-Upshot/Pods-Upshot-frameworks.sh\"\n";
			showEnvVarsInLog = 0;
		};
/* End PBXShellScriptBuildPhase section */

/* Begin PBXSourcesBuildPhase section */
		ADAFBE4A1B57827900783BD3 /* Sources */ = {
			isa = PBXSourcesBuildPhase;
			buildActionMask = 2147483647;
			files = (
				F270F7171B9AEF9800564189 /* Storyboards.swift in Sources */,
				AD4657631B59834400117F4C /* ClipboardManager.swift in Sources */,
				F270F7151B9AEC6F00564189 /* SettingsWindowController.swift in Sources */,
				AD77BAD61B596FA90013F60D /* Monitor.swift in Sources */,
				AD16E4411B5A139500E0FB17 /* StatusBarItemManager.swift in Sources */,
				AD77BAD81B5970DE0013F60D /* Uploader.swift in Sources */,
				F26A9BAE1B9B5D9200B12932 /* SettingsManager.swift in Sources */,
				F285D8161B9CC236007724DF /* LaunchManager.swift in Sources */,
				F26A9BB01B9B624000B12932 /* PersistentStore.swift in Sources */,
				ADAFBE521B57827900783BD3 /* AppDelegate.swift in Sources */,
				F26A9BAC1B9AFDA400B12932 /* SettingsViewController.swift in Sources */,
			);
			runOnlyForDeploymentPostprocessing = 0;
		};
/* End PBXSourcesBuildPhase section */

/* Begin PBXVariantGroup section */
		ADAFBE571B57827900783BD3 /* Main.storyboard */ = {
			isa = PBXVariantGroup;
			children = (
				ADAFBE581B57827900783BD3 /* Base */,
			);
			name = Main.storyboard;
			sourceTree = "<group>";
		};
/* End PBXVariantGroup section */

/* Begin XCBuildConfiguration section */
		ADAFBE5B1B57827900783BD3 /* Debug */ = {
			isa = XCBuildConfiguration;
			buildSettings = {
				ALWAYS_SEARCH_USER_PATHS = NO;
				CLANG_CXX_LANGUAGE_STANDARD = "gnu++0x";
				CLANG_CXX_LIBRARY = "libc++";
				CLANG_ENABLE_MODULES = YES;
				CLANG_ENABLE_OBJC_ARC = YES;
				CLANG_WARN_BOOL_CONVERSION = YES;
				CLANG_WARN_CONSTANT_CONVERSION = YES;
				CLANG_WARN_DIRECT_OBJC_ISA_USAGE = YES_ERROR;
				CLANG_WARN_EMPTY_BODY = YES;
				CLANG_WARN_ENUM_CONVERSION = YES;
				CLANG_WARN_INT_CONVERSION = YES;
				CLANG_WARN_OBJC_ROOT_CLASS = YES_ERROR;
				CLANG_WARN_UNREACHABLE_CODE = YES;
				CLANG_WARN__DUPLICATE_METHOD_MATCH = YES;
				CODE_SIGN_IDENTITY = "-";
				COPY_PHASE_STRIP = NO;
				DEBUG_INFORMATION_FORMAT = dwarf;
				ENABLE_STRICT_OBJC_MSGSEND = YES;
				ENABLE_TESTABILITY = YES;
				GCC_C_LANGUAGE_STANDARD = gnu99;
				GCC_DYNAMIC_NO_PIC = NO;
				GCC_NO_COMMON_BLOCKS = YES;
				GCC_OPTIMIZATION_LEVEL = 0;
				GCC_PREPROCESSOR_DEFINITIONS = (
					"DEBUG=1",
					"$(inherited)",
				);
				GCC_WARN_64_TO_32_BIT_CONVERSION = YES;
				GCC_WARN_ABOUT_RETURN_TYPE = YES_ERROR;
				GCC_WARN_UNDECLARED_SELECTOR = YES;
				GCC_WARN_UNINITIALIZED_AUTOS = YES_AGGRESSIVE;
				GCC_WARN_UNUSED_FUNCTION = YES;
				GCC_WARN_UNUSED_VARIABLE = YES;
				MACOSX_DEPLOYMENT_TARGET = 10.10;
				MTL_ENABLE_DEBUG_INFO = YES;
				ONLY_ACTIVE_ARCH = YES;
				SDKROOT = macosx;
				SWIFT_OPTIMIZATION_LEVEL = "-Onone";
			};
			name = Debug;
		};
		ADAFBE5C1B57827900783BD3 /* Release */ = {
			isa = XCBuildConfiguration;
			buildSettings = {
				ALWAYS_SEARCH_USER_PATHS = NO;
				CLANG_CXX_LANGUAGE_STANDARD = "gnu++0x";
				CLANG_CXX_LIBRARY = "libc++";
				CLANG_ENABLE_MODULES = YES;
				CLANG_ENABLE_OBJC_ARC = YES;
				CLANG_WARN_BOOL_CONVERSION = YES;
				CLANG_WARN_CONSTANT_CONVERSION = YES;
				CLANG_WARN_DIRECT_OBJC_ISA_USAGE = YES_ERROR;
				CLANG_WARN_EMPTY_BODY = YES;
				CLANG_WARN_ENUM_CONVERSION = YES;
				CLANG_WARN_INT_CONVERSION = YES;
				CLANG_WARN_OBJC_ROOT_CLASS = YES_ERROR;
				CLANG_WARN_UNREACHABLE_CODE = YES;
				CLANG_WARN__DUPLICATE_METHOD_MATCH = YES;
				CODE_SIGN_IDENTITY = "-";
				COPY_PHASE_STRIP = NO;
				DEBUG_INFORMATION_FORMAT = "dwarf-with-dsym";
				ENABLE_NS_ASSERTIONS = NO;
				ENABLE_STRICT_OBJC_MSGSEND = YES;
				GCC_C_LANGUAGE_STANDARD = gnu99;
				GCC_NO_COMMON_BLOCKS = YES;
				GCC_WARN_64_TO_32_BIT_CONVERSION = YES;
				GCC_WARN_ABOUT_RETURN_TYPE = YES_ERROR;
				GCC_WARN_UNDECLARED_SELECTOR = YES;
				GCC_WARN_UNINITIALIZED_AUTOS = YES_AGGRESSIVE;
				GCC_WARN_UNUSED_FUNCTION = YES;
				GCC_WARN_UNUSED_VARIABLE = YES;
				MACOSX_DEPLOYMENT_TARGET = 10.10;
				MTL_ENABLE_DEBUG_INFO = NO;
				SDKROOT = macosx;
			};
			name = Release;
		};
		ADAFBE5E1B57827900783BD3 /* Debug */ = {
			isa = XCBuildConfiguration;
			baseConfigurationReference = B7CB55CFEC8EC8AC830F3AA4 /* Pods-Upshot.debug.xcconfig */;
			buildSettings = {
				ASSETCATALOG_COMPILER_APPICON_NAME = AppIcon;
				COMBINE_HIDPI_IMAGES = YES;
				INFOPLIST_FILE = Upshot/Info.plist;
				LD_RUNPATH_SEARCH_PATHS = "$(inherited) @executable_path/../Frameworks";
				PRODUCT_BUNDLE_IDENTIFIER = me.kentin.upshot;
				PRODUCT_NAME = Upshot;
				SWIFT_VERSION = 3.0;
			};
			name = Debug;
		};
		ADAFBE5F1B57827900783BD3 /* Release */ = {
			isa = XCBuildConfiguration;
			baseConfigurationReference = 80663F9D95E27EAD10F31C8C /* Pods-Upshot.release.xcconfig */;
			buildSettings = {
				ASSETCATALOG_COMPILER_APPICON_NAME = AppIcon;
				COMBINE_HIDPI_IMAGES = YES;
				INFOPLIST_FILE = Upshot/Info.plist;
				LD_RUNPATH_SEARCH_PATHS = "$(inherited) @executable_path/../Frameworks";
				PRODUCT_BUNDLE_IDENTIFIER = me.kentin.upshot;
				PRODUCT_NAME = Upshot;
				SWIFT_VERSION = 3.0;
			};
			name = Release;
		};
/* End XCBuildConfiguration section */

/* Begin XCConfigurationList section */
		ADAFBE491B57827900783BD3 /* Build configuration list for PBXProject "Upshot" */ = {
			isa = XCConfigurationList;
			buildConfigurations = (
				ADAFBE5B1B57827900783BD3 /* Debug */,
				ADAFBE5C1B57827900783BD3 /* Release */,
			);
			defaultConfigurationIsVisible = 0;
			defaultConfigurationName = Release;
		};
		ADAFBE5D1B57827900783BD3 /* Build configuration list for PBXNativeTarget "Upshot" */ = {
			isa = XCConfigurationList;
			buildConfigurations = (
				ADAFBE5E1B57827900783BD3 /* Debug */,
				ADAFBE5F1B57827900783BD3 /* Release */,
			);
			defaultConfigurationIsVisible = 0;
			defaultConfigurationName = Release;
		};
/* End XCConfigurationList section */
	};
	rootObject = ADAFBE461B57827900783BD3 /* Project object */;
}
